<?xml version="1.0" encoding="utf-8"?>
<Project ToolsVersion="4.0" xmlns="http://schemas.microsoft.com/developer/msbuild/2003">
  <ItemGroup>
    <Filter Include="Source Files">
      <UniqueIdentifier>{4FC737F1-C7A5-4376-A066-2A32D752A2FF}</UniqueIdentifier>
      <Extensions>cpp;c;cc;cxx;def;odl;idl;hpj;bat;asm;asmx</Extensions>
    </Filter>
    <Filter Include="Header Files">
      <UniqueIdentifier>{93995380-89BD-4b04-88EB-625FBE52EBFB}</UniqueIdentifier>
      <Extensions>h;hh;hpp;hxx;hm;inl;inc;xsd</Extensions>
    </Filter>
    <Filter Include="Resource Files">
      <UniqueIdentifier>{67DA6AB6-F800-4c08-8B7A-83BB121AAD01}</UniqueIdentifier>
      <Extensions>rc;ico;cur;bmp;dlg;rc2;rct;bin;rgs;gif;jpg;jpeg;jpe;resx;tiff;tif;png;wav;mfcribbon-ms</Extensions>
    </Filter>
  </ItemGroup>
  <ItemGroup>
    <ClCompile Include="main.cpp">
      <Filter>Source Files</Filter>
    </ClCompile>
    <ClCompile Include="Patches\Exploratory.cpp">
      <Filter>Source Files</Filter>
    </ClCompile>
    <ClCompile Include="Patches\VampireFeedSoftlock.cpp">
      <Filter>Source Files</Filter>
    </ClCompile>
    <ClCompile Include="Patches\ExploratoryPatches\ArcheryBug.cpp">
      <Filter>Source Files</Filter>
    </ClCompile>
    <ClCompile Include="Patches\ExploratoryPatches\VampireFeedSoftlock.cpp">
      <Filter>Source Files</Filter>
    </ClCompile>
    <ClCompile Include="Patches\ArcheryDownwardArrowFix.cpp">
      <Filter>Source Files</Filter>
    </ClCompile>
    <ClCompile Include="Patches\UnderwaterAmbienceCellBoundaryFix.cpp">
      <Filter>Source Files</Filter>
    </ClCompile>
    <ClCompile Include="Services\INI.cpp">
      <Filter>Source Files</Filter>
    </ClCompile>
    <ClCompile Include="Patches\ArmorAddonMO5SFix.cpp">
      <Filter>Source Files</Filter>
    </ClCompile>
    <ClCompile Include="Patches\MerchantRestockFix.cpp">
      <Filter>Source Files</Filter>
    </ClCompile>
    <ClCompile Include="Patches\ExploratoryPatches\ModelLoadingTest.cpp">
      <Filter>Source Files</Filter>
    </ClCompile>
    <ClCompile Include="Services\CrashLog.cpp">
      <Filter>Source Files</Filter>
    </ClCompile>
    <ClCompile Include="Services\CrashLogDefinitions.cpp">
      <Filter>Source Files</Filter>
    </ClCompile>
    <ClCompile Include="Patches\NPCTorchLandscapeFix.cpp">
      <Filter>Source Files</Filter>
    </ClCompile>
    <ClCompile Include="Patches\CrashFixes.cpp">
      <Filter>Source Files</Filter>
    </ClCompile>
    <ClCompile Include="Patches\ExploratoryPatches\ActiveEffectTimerBugs.cpp">
      <Filter>Source Files</Filter>
    </ClCompile>
    <ClCompile Include="Patches\ActiveEffectTimerBugs.cpp">
      <Filter>Source Files</Filter>
    </ClCompile>
    <ClCompile Include="Patches\ModArmorWeightPerk.cpp">
      <Filter>Source Files</Filter>
    </ClCompile>
    <ClCompile Include="Patches\TrainerFixes.cpp">
      <Filter>Source Files</Filter>
    </ClCompile>
    <ClCompile Include="ReverseEngineered\ExtraData.cpp">
      <Filter>Source Files</Filter>
    </ClCompile>
    <ClCompile Include="ReverseEngineered\GameSettings.cpp">
      <Filter>Source Files</Filter>
    </ClCompile>
    <ClCompile Include="ReverseEngineered\INI.cpp">
      <Filter>Source Files</Filter>
    </ClCompile>
    <ClCompile Include="ReverseEngineered\Miscellaneous.cpp">
      <Filter>Source Files</Filter>
    </ClCompile>
    <ClCompile Include="ReverseEngineered\Shared.cpp">
      <Filter>Source Files</Filter>
    </ClCompile>
    <ClCompile Include="ReverseEngineered\UI\Crafting.cpp">
      <Filter>Source Files</Filter>
    </ClCompile>
    <ClCompile Include="ReverseEngineered\UI\MessageBoxCallbacks.cpp">
      <Filter>Source Files</Filter>
    </ClCompile>
    <ClCompile Include="ReverseEngineered\UI\Miscellaneous.cpp">
      <Filter>Source Files</Filter>
    </ClCompile>
    <ClCompile Include="ReverseEngineered\Systems\Papyrus\Functors.cpp">
      <Filter>Source Files</Filter>
    </ClCompile>
    <ClCompile Include="ReverseEngineered\Systems\Papyrus\VMClassRegistry.cpp">
      <Filter>Source Files</Filter>
    </ClCompile>
    <ClCompile Include="ReverseEngineered\Systems\BGSImpactManager.cpp">
      <Filter>Source Files</Filter>
    </ClCompile>
    <ClCompile Include="ReverseEngineered\Systems\BSResource.cpp">
      <Filter>Source Files</Filter>
    </ClCompile>
    <ClCompile Include="ReverseEngineered\Systems\BSTaskPool.cpp">
      <Filter>Source Files</Filter>
    </ClCompile>
    <ClCompile Include="ReverseEngineered\Systems\BSTEvent.cpp">
      <Filter>Source Files</Filter>
    </ClCompile>
    <ClCompile Include="ReverseEngineered\Systems\DefaultObjects.cpp">
      <Filter>Source Files</Filter>
    </ClCompile>
    <ClCompile Include="ReverseEngineered\Systems\GameData.cpp">
      <Filter>Source Files</Filter>
    </ClCompile>
    <ClCompile Include="ReverseEngineered\Systems\Inventory.cpp">
      <Filter>Source Files</Filter>
    </ClCompile>
    <ClCompile Include="ReverseEngineered\Systems\Main.cpp">
      <Filter>Source Files</Filter>
    </ClCompile>
    <ClCompile Include="ReverseEngineered\Systems\Sound.cpp">
      <Filter>Source Files</Filter>
    </ClCompile>
    <ClCompile Include="ReverseEngineered\Systems\Timing.cpp">
      <Filter>Source Files</Filter>
    </ClCompile>
    <ClCompile Include="ReverseEngineered\Player\PlayerCharacter.cpp">
      <Filter>Source Files</Filter>
    </ClCompile>
    <ClCompile Include="ReverseEngineered\Objects\ActorWeightData.cpp">
      <Filter>Source Files</Filter>
    </ClCompile>
    <ClCompile Include="ReverseEngineered\Objects\BGSPrimitive.cpp">
      <Filter>Source Files</Filter>
    </ClCompile>
    <ClCompile Include="ReverseEngineered\NetImmerse\geometry.cpp">
      <Filter>Source Files</Filter>
    </ClCompile>
    <ClCompile Include="ReverseEngineered\NetImmerse\havok.cpp">
      <Filter>Source Files</Filter>
    </ClCompile>
    <ClCompile Include="ReverseEngineered\NetImmerse\NiExtraData.cpp">
      <Filter>Source Files</Filter>
    </ClCompile>
    <ClCompile Include="ReverseEngineered\NetImmerse\nodes.cpp">
      <Filter>Source Files</Filter>
    </ClCompile>
    <ClCompile Include="ReverseEngineered\NetImmerse\objects.cpp">
      <Filter>Source Files</Filter>
    </ClCompile>
    <ClCompile Include="ReverseEngineered\NetImmerse\shaders.cpp">
      <Filter>Source Files</Filter>
    </ClCompile>
    <ClCompile Include="ReverseEngineered\NetImmerse\types.cpp">
      <Filter>Source Files</Filter>
    </ClCompile>
    <ClCompile Include="ReverseEngineered\Forms\FormComponents\TESModel.cpp">
      <Filter>Source Files</Filter>
    </ClCompile>
    <ClCompile Include="ReverseEngineered\Forms\Actor.cpp">
      <Filter>Source Files</Filter>
    </ClCompile>
    <ClCompile Include="ReverseEngineered\Forms\ActorValueInfo.cpp">
      <Filter>Source Files</Filter>
    </ClCompile>
    <ClCompile Include="ReverseEngineered\Forms\BGSListForm.cpp">
      <Filter>Source Files</Filter>
    </ClCompile>
    <ClCompile Include="ReverseEngineered\Forms\HardcodedForms.cpp">
      <Filter>Source Files</Filter>
    </ClCompile>
    <ClCompile Include="ReverseEngineered\Forms\Projectile.cpp">
      <Filter>Source Files</Filter>
    </ClCompile>
    <ClCompile Include="ReverseEngineered\Forms\TESEffectShader.cpp">
      <Filter>Source Files</Filter>
    </ClCompile>
    <ClCompile Include="ReverseEngineered\Forms\TESForm.cpp">
      <Filter>Source Files</Filter>
    </ClCompile>
    <ClCompile Include="ReverseEngineered\Forms\TESObjectCELL.cpp">
      <Filter>Source Files</Filter>
    </ClCompile>
    <ClCompile Include="ReverseEngineered\Forms\TESObjectREFR.cpp">
      <Filter>Source Files</Filter>
    </ClCompile>
    <ClCompile Include="ReverseEngineered\Forms\TESPackage.cpp">
      <Filter>Source Files</Filter>
    </ClCompile>
    <ClCompile Include="ReverseEngineered\Forms\TESWaterForm.cpp">
      <Filter>Source Files</Filter>
    </ClCompile>
    <ClCompile Include="ReverseEngineered\Forms\TESWorldSpace.cpp">
      <Filter>Source Files</Filter>
    </ClCompile>
    <ClCompile Include="helpers\strings.cpp">
      <Filter>Source Files</Filter>
    </ClCompile>
  </ItemGroup>
  <ItemGroup>
    <None Include="exports.def">
      <Filter>Source Files</Filter>
    </None>
  </ItemGroup>
  <ItemGroup>
    <ClInclude Include="Patches\Exploratory.h">
      <Filter>Header Files</Filter>
    </ClInclude>
    <ClInclude Include="Patches\VampireFeedSoftlock.h">
      <Filter>Header Files</Filter>
    </ClInclude>
    <ClInclude Include="Patches\ExploratoryPatches\ArcheryBug.h">
      <Filter>Header Files</Filter>
    </ClInclude>
    <ClInclude Include="Patches\ExploratoryPatches\VampireFeedSoftlock.h">
      <Filter>Header Files</Filter>
    </ClInclude>
    <ClInclude Include="Patches\ArcheryDownwardArrowFix.h">
      <Filter>Header Files</Filter>
    </ClInclude>
    <ClInclude Include="Patches\UnderwaterAmbienceCellBoundaryFix.h">
      <Filter>Header Files</Filter>
    </ClInclude>
    <ClInclude Include="Services\INI.h">
      <Filter>Header Files</Filter>
    </ClInclude>
    <ClInclude Include="Patches\ArmorAddonMO5SFix.h">
      <Filter>Header Files</Filter>
    </ClInclude>
    <ClInclude Include="Patches\MerchantRestockFix.h">
      <Filter>Header Files</Filter>
    </ClInclude>
    <ClInclude Include="Patches\ExploratoryPatches\ModelLoadingTest.h">
      <Filter>Header Files</Filter>
    </ClInclude>
    <ClInclude Include="Services\CrashLog.h">
      <Filter>Header Files</Filter>
    </ClInclude>
    <ClInclude Include="Services\CrashLogDefinitions.h">
      <Filter>Header Files</Filter>
    </ClInclude>
    <ClInclude Include="Patches\NPCTorchLandscapeFix.h">
      <Filter>Header Files</Filter>
    </ClInclude>
    <ClInclude Include="resource.h">
      <Filter>Header Files</Filter>
    </ClInclude>
    <ClInclude Include="Patches\CrashFixes.h">
      <Filter>Header Files</Filter>
    </ClInclude>
    <ClInclude Include="Patches\ExploratoryPatches\ActiveEffectTimerBugs.h">
      <Filter>Header Files</Filter>
    </ClInclude>
    <ClInclude Include="Patches\ActiveEffectTimerBugs.h">
      <Filter>Header Files</Filter>
    </ClInclude>
    <ClInclude Include="Patches\ModArmorWeightPerk.h">
      <Filter>Header Files</Filter>
    </ClInclude>
    <ClInclude Include="Patches\TrainerFixes.h">
      <Filter>Header Files</Filter>
    </ClInclude>
    <ClInclude Include="ReverseEngineered\ExtraData.h">
      <Filter>Header Files</Filter>
    </ClInclude>
    <ClInclude Include="ReverseEngineered\GameSettings.h">
      <Filter>Header Files</Filter>
    </ClInclude>
    <ClInclude Include="ReverseEngineered\INI.h">
      <Filter>Header Files</Filter>
    </ClInclude>
    <ClInclude Include="ReverseEngineered\Miscellaneous.h">
      <Filter>Header Files</Filter>
    </ClInclude>
    <ClInclude Include="ReverseEngineered\Shared.h">
      <Filter>Header Files</Filter>
    </ClInclude>
    <ClInclude Include="ReverseEngineered\Types.h">
      <Filter>Header Files</Filter>
    </ClInclude>
    <ClInclude Include="ReverseEngineered\UI\Crafting.h">
      <Filter>Header Files</Filter>
    </ClInclude>
    <ClInclude Include="ReverseEngineered\UI\IMenu.h">
      <Filter>Header Files</Filter>
    </ClInclude>
    <ClInclude Include="ReverseEngineered\UI\MessageBoxCallbacks.h">
      <Filter>Header Files</Filter>
    </ClInclude>
    <ClInclude Include="ReverseEngineered\UI\Miscellaneous.h">
      <Filter>Header Files</Filter>
    </ClInclude>
    <ClInclude Include="ReverseEngineered\Systems\ActorAI\base.h">
      <Filter>Header Files</Filter>
    </ClInclude>
    <ClInclude Include="ReverseEngineered\Systems\Papyrus\Functors.h">
      <Filter>Header Files</Filter>
    </ClInclude>
    <ClInclude Include="ReverseEngineered\Systems\Papyrus\VMClassRegistry.h">
      <Filter>Header Files</Filter>
    </ClInclude>
    <ClInclude Include="ReverseEngineered\Systems\Response\BSResponse.h">
      <Filter>Header Files</Filter>
    </ClInclude>
    <ClInclude Include="ReverseEngineered\Systems\Savedata\BGSLoadGameBuffer.h">
      <Filter>Header Files</Filter>
    </ClInclude>
    <ClInclude Include="ReverseEngineered\Systems\Savedata\BGSSaveFormBuffer.h">
      <Filter>Header Files</Filter>
    </ClInclude>
    <ClInclude Include="ReverseEngineered\Systems\Savedata\BGSSaveLoadManager.h">
      <Filter>Header Files</Filter>
    </ClInclude>
    <ClInclude Include="ReverseEngineered\Systems\01B2E724.h">
      <Filter>Header Files</Filter>
    </ClInclude>
    <ClInclude Include="ReverseEngineered\Systems\01B3B2E8.h">
      <Filter>Header Files</Filter>
    </ClInclude>
    <ClInclude Include="ReverseEngineered\Systems\01B9ED08.h">
      <Filter>Header Files</Filter>
    </ClInclude>
    <ClInclude Include="ReverseEngineered\Systems\01B115D8.h">
      <Filter>Header Files</Filter>
    </ClInclude>
    <ClInclude Include="ReverseEngineered\Systems\012E32E8.h">
      <Filter>Header Files</Filter>
    </ClInclude>
    <ClInclude Include="ReverseEngineered\Systems\012E35CC.h">
      <Filter>Header Files</Filter>
    </ClInclude>
    <ClInclude Include="ReverseEngineered\Systems\012E59D4.h">
      <Filter>Header Files</Filter>
    </ClInclude>
    <ClInclude Include="ReverseEngineered\Systems\AttackProcessing.h">
      <Filter>Header Files</Filter>
    </ClInclude>
    <ClInclude Include="ReverseEngineered\Systems\BGSImpactManager.h">
      <Filter>Header Files</Filter>
    </ClInclude>
    <ClInclude Include="ReverseEngineered\Systems\BSResource.h">
      <Filter>Header Files</Filter>
    </ClInclude>
    <ClInclude Include="ReverseEngineered\Systems\BSTaskPool.h">
      <Filter>Header Files</Filter>
    </ClInclude>
    <ClInclude Include="ReverseEngineered\Systems\BSTEvent.h">
      <Filter>Header Files</Filter>
    </ClInclude>
    <ClInclude Include="ReverseEngineered\Systems\ChangeForms.h">
      <Filter>Header Files</Filter>
    </ClInclude>
    <ClInclude Include="ReverseEngineered\Systems\Decals.h">
      <Filter>Header Files</Filter>
    </ClInclude>
    <ClInclude Include="ReverseEngineered\Systems\DefaultObjects.h">
      <Filter>Header Files</Filter>
    </ClInclude>
    <ClInclude Include="ReverseEngineered\Systems\DelayFunctorManager.h">
      <Filter>Header Files</Filter>
    </ClInclude>
    <ClInclude Include="ReverseEngineered\Systems\EquipManager.h">
      <Filter>Header Files</Filter>
    </ClInclude>
    <ClInclude Include="ReverseEngineered\Systems\ExteriorCellLoaderTask.h">
      <Filter>Header Files</Filter>
    </ClInclude>
    <ClInclude Include="ReverseEngineered\Systems\GameData.h">
      <Filter>Header Files</Filter>
    </ClInclude>
    <ClInclude Include="ReverseEngineered\Systems\GameInput.h">
      <Filter>Header Files</Filter>
    </ClInclude>
    <ClInclude Include="ReverseEngineered\Systems\GameResources.h">
      <Filter>Header Files</Filter>
    </ClInclude>
    <ClInclude Include="ReverseEngineered\Systems\Inventory.h">
      <Filter>Header Files</Filter>
    </ClInclude>
    <ClInclude Include="ReverseEngineered\Systems\Magic.h">
      <Filter>Header Files</Filter>
    </ClInclude>
    <ClInclude Include="ReverseEngineered\Systems\Main.h">
      <Filter>Header Files</Filter>
    </ClInclude>
    <ClInclude Include="ReverseEngineered\Systems\MiscStats.h">
      <Filter>Header Files</Filter>
    </ClInclude>
    <ClInclude Include="ReverseEngineered\Systems\Navmesh.h">
      <Filter>Header Files</Filter>
    </ClInclude>
    <ClInclude Include="ReverseEngineered\Systems\ReferenceEffects.h">
      <Filter>Header Files</Filter>
    </ClInclude>
    <ClInclude Include="ReverseEngineered\Systems\Sound.h">
      <Filter>Header Files</Filter>
    </ClInclude>
    <ClInclude Include="ReverseEngineered\Systems\TESCamera.h">
      <Filter>Header Files</Filter>
    </ClInclude>
    <ClInclude Include="ReverseEngineered\Systems\TESFile.h">
      <Filter>Header Files</Filter>
    </ClInclude>
    <ClInclude Include="ReverseEngineered\Systems\ThreadLocalStorage.h">
      <Filter>Header Files</Filter>
    </ClInclude>
    <ClInclude Include="ReverseEngineered\Systems\Timing.h">
      <Filter>Header Files</Filter>
    </ClInclude>
    <ClInclude Include="ReverseEngineered\Player\PlayerCharacter.h">
      <Filter>Header Files</Filter>
    </ClInclude>
    <ClInclude Include="ReverseEngineered\Player\PlayerSkills.h">
      <Filter>Header Files</Filter>
    </ClInclude>
    <ClInclude Include="ReverseEngineered\Player\TrainingMenu.h">
      <Filter>Header Files</Filter>
    </ClInclude>
    <ClInclude Include="ReverseEngineered\Objects\Actions.h">
      <Filter>Header Files</Filter>
    </ClInclude>
    <ClInclude Include="ReverseEngineered\Objects\ActiveEffect.h">
      <Filter>Header Files</Filter>
    </ClInclude>
    <ClInclude Include="ReverseEngineered\Objects\ActorWeightData.h">
      <Filter>Header Files</Filter>
    </ClInclude>
    <ClInclude Include="ReverseEngineered\Objects\Alias.h">
      <Filter>Header Files</Filter>
    </ClInclude>
    <ClInclude Include="ReverseEngineered\Objects\BGSPrimitive.h">
      <Filter>Header Files</Filter>
    </ClInclude>
    <ClInclude Include="ReverseEngineered\Objects\Navmesh.h">
      <Filter>Header Files</Filter>
    </ClInclude>
    <ClInclude Include="ReverseEngineered\Objects\SimpleAnimationGraphManagerHolder.h">
      <Filter>Header Files</Filter>
    </ClInclude>
    <ClInclude Include="ReverseEngineered\Objects\Sky.h">
      <Filter>Header Files</Filter>
    </ClInclude>
    <ClInclude Include="ReverseEngineered\NetImmerse\controllers.h">
      <Filter>Header Files</Filter>
    </ClInclude>
    <ClInclude Include="ReverseEngineered\NetImmerse\geometry.h">
      <Filter>Header Files</Filter>
    </ClInclude>
    <ClInclude Include="ReverseEngineered\NetImmerse\havok.h">
      <Filter>Header Files</Filter>
    </ClInclude>
    <ClInclude Include="ReverseEngineered\NetImmerse\NiExtraData.h">
      <Filter>Header Files</Filter>
    </ClInclude>
    <ClInclude Include="ReverseEngineered\NetImmerse\nodes.h">
      <Filter>Header Files</Filter>
    </ClInclude>
    <ClInclude Include="ReverseEngineered\NetImmerse\objects.h">
      <Filter>Header Files</Filter>
    </ClInclude>
    <ClInclude Include="ReverseEngineered\NetImmerse\SceneGraph.h">
      <Filter>Header Files</Filter>
    </ClInclude>
    <ClInclude Include="ReverseEngineered\NetImmerse\shaders.h">
      <Filter>Header Files</Filter>
    </ClInclude>
    <ClInclude Include="ReverseEngineered\NetImmerse\types.h">
      <Filter>Header Files</Filter>
    </ClInclude>
    <ClInclude Include="ReverseEngineered\Forms\BaseForms\TESActorBase.h">
      <Filter>Header Files</Filter>
    </ClInclude>
    <ClInclude Include="ReverseEngineered\Forms\BaseForms\TESFurniture.h">
      <Filter>Header Files</Filter>
    </ClInclude>
    <ClInclude Include="ReverseEngineered\Forms\BaseForms\TESNPC.h">
      <Filter>Header Files</Filter>
    </ClInclude>
    <ClInclude Include="ReverseEngineered\Forms\BaseForms\TESObjectACTI.h">
      <Filter>Header Files</Filter>
    </ClInclude>
    <ClInclude Include="ReverseEngineered\Forms\BaseForms\TESObjectARMO.h">
      <Filter>Header Files</Filter>
    </ClInclude>
    <ClInclude Include="ReverseEngineered\Forms\BaseForms\TESObjectLIGH.h">
      <Filter>Header Files</Filter>
    </ClInclude>
    <ClInclude Include="ReverseEngineered\Forms\BaseForms\TESObjectSTAT.h">
      <Filter>Header Files</Filter>
    </ClInclude>
    <ClInclude Include="ReverseEngineered\Forms\BaseForms\TESObjectWEAP.h">
      <Filter>Header Files</Filter>
    </ClInclude>
    <ClInclude Include="ReverseEngineered\Forms\FormComponents\BGSBipedObjectForm.h">
      <Filter>Header Files</Filter>
    </ClInclude>
    <ClInclude Include="ReverseEngineered\Forms\FormComponents\FormDecalData.h">
      <Filter>Header Files</Filter>
    </ClInclude>
    <ClInclude Include="ReverseEngineered\Forms\FormComponents\TESContainer.h">
      <Filter>Header Files</Filter>
    </ClInclude>
    <ClInclude Include="ReverseEngineered\Forms\FormComponents\TESModel.h">
      <Filter>Header Files</Filter>
    </ClInclude>
    <ClInclude Include="ReverseEngineered\Forms\Actor.h">
      <Filter>Header Files</Filter>
    </ClInclude>
    <ClInclude Include="ReverseEngineered\Forms\ActorValueInfo.h">
      <Filter>Header Files</Filter>
    </ClInclude>
    <ClInclude Include="ReverseEngineered\Forms\BGSAcousticSpace.h">
      <Filter>Header Files</Filter>
    </ClInclude>
    <ClInclude Include="ReverseEngineered\Forms\BGSBodyPartData.h">
      <Filter>Header Files</Filter>
    </ClInclude>
    <ClInclude Include="ReverseEngineered\Forms\BGSConstructibleObject.h">
      <Filter>Header Files</Filter>
    </ClInclude>
    <ClInclude Include="ReverseEngineered\Forms\BGSEncounterZone.h">
      <Filter>Header Files</Filter>
    </ClInclude>
    <ClInclude Include="ReverseEngineered\Forms\BGSEquipSlot.h">
      <Filter>Header Files</Filter>
    </ClInclude>
    <ClInclude Include="ReverseEngineered\Forms\BGSLightingTemplate.h">
      <Filter>Header Files</Filter>
    </ClInclude>
    <ClInclude Include="ReverseEngineered\Forms\BGSListForm.h">
      <Filter>Header Files</Filter>
    </ClInclude>
    <ClInclude Include="ReverseEngineered\Forms\BGSMessage.h">
      <Filter>Header Files</Filter>
    </ClInclude>
    <ClInclude Include="ReverseEngineered\Forms\HardcodedForms.h">
      <Filter>Header Files</Filter>
    </ClInclude>
    <ClInclude Include="ReverseEngineered\Forms\MagicItem.h">
      <Filter>Header Files</Filter>
    </ClInclude>
    <ClInclude Include="ReverseEngineered\Forms\Projectile.h">
      <Filter>Header Files</Filter>
    </ClInclude>
    <ClInclude Include="ReverseEngineered\Forms\TESEffectShader.h">
      <Filter>Header Files</Filter>
    </ClInclude>
    <ClInclude Include="ReverseEngineered\Forms\TESFaction.h">
      <Filter>Header Files</Filter>
    </ClInclude>
    <ClInclude Include="ReverseEngineered\Forms\TESForm.h">
      <Filter>Header Files</Filter>
    </ClInclude>
    <ClInclude Include="ReverseEngineered\Forms\TESGlobal.h">
      <Filter>Header Files</Filter>
    </ClInclude>
    <ClInclude Include="ReverseEngineered\Forms\TESGrass.h">
      <Filter>Header Files</Filter>
    </ClInclude>
    <ClInclude Include="ReverseEngineered\Forms\TESImageSpace.h">
      <Filter>Header Files</Filter>
    </ClInclude>
    <ClInclude Include="ReverseEngineered\Forms\TESLoadScreen.h">
      <Filter>Header Files</Filter>
    </ClInclude>
    <ClInclude Include="ReverseEngineered\Forms\TESObjectARMA.h">
      <Filter>Header Files</Filter>
    </ClInclude>
    <ClInclude Include="ReverseEngineered\Forms\TESObjectCELL.h">
      <Filter>Header Files</Filter>
    </ClInclude>
    <ClInclude Include="ReverseEngineered\Forms\TESObjectLAND.h">
      <Filter>Header Files</Filter>
    </ClInclude>
    <ClInclude Include="ReverseEngineered\Forms\TESObjectREFR.h">
      <Filter>Header Files</Filter>
    </ClInclude>
    <ClInclude Include="ReverseEngineered\Forms\TESPackage.h">
      <Filter>Header Files</Filter>
    </ClInclude>
    <ClInclude Include="ReverseEngineered\Forms\TESQuest.h">
      <Filter>Header Files</Filter>
    </ClInclude>
    <ClInclude Include="ReverseEngineered\Forms\TESRace.h">
      <Filter>Header Files</Filter>
    </ClInclude>
    <ClInclude Include="ReverseEngineered\Forms\TESTopic.h">
      <Filter>Header Files</Filter>
    </ClInclude>
    <ClInclude Include="ReverseEngineered\Forms\TESWaterForm.h">
      <Filter>Header Files</Filter>
    </ClInclude>
    <ClInclude Include="ReverseEngineered\Forms\TESWeather.h">
      <Filter>Header Files</Filter>
    </ClInclude>
    <ClInclude Include="ReverseEngineered\Forms\TESWorldSpace.h">
      <Filter>Header Files</Filter>
    </ClInclude>
    <ClInclude Include="helpers\rtti.h">
      <Filter>Header Files</Filter>
    </ClInclude>
    <ClInclude Include="helpers\strings.h">
      <Filter>Header Files</Filter>
    </ClInclude>
  </ItemGroup>
  <ItemGroup>
    <ResourceCompile Include="CobbBugFixes.rc">
      <Filter>Resource Files</Filter>
    </ResourceCompile>
  </ItemGroup>
</Project>